
Microsoft Visual Studio Solution File, Format Version 12.00
# Visual Studio Version 17
VisualStudioVersion = 17.1.32210.238
MinimumVisualStudioVersion = 10.0.40219.1
Project("{9A19103F-16F7-4668-BE54-9A1E7A4F7556}") = "MVVMFrameworkNet6", "MVVMFrameworkNet6\MVVMFrameworkNet6.csproj", "{17472EC3-7404-4245-A2E0-16D4702634DB}"
EndProject
Project("{9A19103F-16F7-4668-BE54-9A1E7A4F7556}") = "TestApp", "TestApp\TestApp.csproj", "{3F01D308-0990-4D3B-8219-C3D7F10D6CE6}"
	ProjectSection(ProjectDependencies) = postProject
		{17472EC3-7404-4245-A2E0-16D4702634DB} = {17472EC3-7404-4245-A2E0-16D4702634DB}
	EndProjectSection
EndProject
Project("{9A19103F-16F7-4668-BE54-9A1E7A4F7556}") = "TranslatableAdder", "TranslatableAdder\TranslatableAdder.csproj", "{5D47446D-3124-4814-9B4B-09D0C3F70A0B}"
	ProjectSection(ProjectDependencies) = postProject
		{17472EC3-7404-4245-A2E0-16D4702634DB} = {17472EC3-7404-4245-A2E0-16D4702634DB}
	EndProjectSection
EndProject
Global
	GlobalSection(SolutionConfigurationPlatforms) = preSolution
		Debug|Any CPU = Debug|Any CPU
		Release|Any CPU = Release|Any CPU
	EndGlobalSection
	GlobalSection(ProjectConfigurationPlatforms) = postSolution
		{17472EC3-7404-4245-A2E0-16D4702634DB}.Debug|Any CPU.ActiveCfg = Debug|Any CPU
		{17472EC3-7404-4245-A2E0-16D4702634DB}.Debug|Any CPU.Build.0 = Debug|Any CPU
		{17472EC3-7404-4245-A2E0-16D4702634DB}.Release|Any CPU.ActiveCfg = Release|Any CPU
		{17472EC3-7404-4245-A2E0-16D4702634DB}.Release|Any CPU.Build.0 = Release|Any CPU
		{3F01D308-0990-4D3B-8219-C3D7F10D6CE6}.Debug|Any CPU.ActiveCfg = Debug|Any CPU
		{3F01D308-0990-4D3B-8219-C3D7F10D6CE6}.Debug|Any CPU.Build.0 = Debug|Any CPU
		{3F01D308-0990-4D3B-8219-C3D7F10D6CE6}.Release|Any CPU.ActiveCfg = Release|Any CPU
		{3F01D308-0990-4D3B-8219-C3D7F10D6CE6}.Release|Any CPU.Build.0 = Release|Any CPU
		{5D47446D-3124-4814-9B4B-09D0C3F70A0B}.Debug|Any CPU.ActiveCfg = Debug|Any CPU
		{5D47446D-3124-4814-9B4B-09D0C3F70A0B}.Debug|Any CPU.Build.0 = Debug|Any CPU
		{5D47446D-3124-4814-9B4B-09D0C3F70A0B}.Release|Any CPU.ActiveCfg = Release|Any CPU
		{5D47446D-3124-4814-9B4B-09D0C3F70A0B}.Release|Any CPU.Build.0 = Release|Any CPU
	EndGlobalSection
	GlobalSection(SolutionProperties) = preSolution
		HideSolutionNode = FALSE
	EndGlobalSection
	GlobalSection(ExtensibilityGlobals) = postSolution
		SolutionGuid = {BB347515-66AB-4B55-8F46-9AEA2B28BFD4}
	EndGlobalSection
EndGlobal
